
Microsoft Visual Studio Solution File, Format Version 12.00
# Visual Studio Version 17
VisualStudioVersion = 17.3.32929.385
MinimumVisualStudioVersion = 10.0.40219.1
Project("{FAE04EC0-301F-11D3-BF4B-00C04F79EFBC}") = "HelloWorld", "HelloWorld\HelloWorld.csproj", "{F9BFBB97-972F-4FA6-BD10-7B4200699BCA}"
EndProject
Global
	GlobalSection(SolutionConfigurationPlatforms) = preSolution
		Debug|Any CPU = Debug|Any CPU
		Release|Any CPU = Release|Any CPU
	EndGlobalSection
	GlobalSection(ProjectConfigurationPlatforms) = postSolution
		{F9BFBB97-972F-4FA6-BD10-7B4200699BCA}.Debug|Any CPU.ActiveCfg = Debug|Any CPU
		{F9BFBB97-972F-4FA6-BD10-7B4200699BCA}.Debug|Any CPU.Build.0 = Debug|Any CPU
		{F9BFBB97-972F-4FA6-BD10-7B4200699BCA}.Release|Any CPU.ActiveCfg = Release|Any CPU
		{F9BFBB97-972F-4FA6-BD10-7B4200699BCA}.Release|Any CPU.Build.0 = Release|Any CPU
	EndGlobalSection
	GlobalSection(SolutionProperties) = preSolution
		HideSolutionNode = FALSE
	EndGlobalSection
	GlobalSection(ExtensibilityGlobals) = postSolution
		SolutionGuid = {72B8C651-C27F-41CB-A03D-E9FF91639DBC}
	EndGlobalSection
EndGlobal
