
Microsoft Visual Studio Solution File, Format Version 12.00
# Visual Studio Version 17
VisualStudioVersion = 17.3.32929.385
MinimumVisualStudioVersion = 10.0.40219.1
Project("{FAE04EC0-301F-11D3-BF4B-00C04F79EFBC}") = "MoreDataTypes", "MoreDataTypes\MoreDataTypes.csproj", "{3888392E-643D-4AF8-9E69-81439E5D9D09}"
EndProject
Global
	GlobalSection(SolutionConfigurationPlatforms) = preSolution
		Debug|Any CPU = Debug|Any CPU
		Release|Any CPU = Release|Any CPU
	EndGlobalSection
	GlobalSection(ProjectConfigurationPlatforms) = postSolution
		{3888392E-643D-4AF8-9E69-81439E5D9D09}.Debug|Any CPU.ActiveCfg = Debug|Any CPU
		{3888392E-643D-4AF8-9E69-81439E5D9D09}.Debug|Any CPU.Build.0 = Debug|Any CPU
		{3888392E-643D-4AF8-9E69-81439E5D9D09}.Release|Any CPU.ActiveCfg = Release|Any CPU
		{3888392E-643D-4AF8-9E69-81439E5D9D09}.Release|Any CPU.Build.0 = Release|Any CPU
	EndGlobalSection
	GlobalSection(SolutionProperties) = preSolution
		HideSolutionNode = FALSE
	EndGlobalSection
	GlobalSection(ExtensibilityGlobals) = postSolution
		SolutionGuid = {06F2A043-B85B-4BCA-8160-4E4D12CEB917}
	EndGlobalSection
EndGlobal
