
Microsoft Visual Studio Solution File, Format Version 12.00
# Visual Studio Version 17
VisualStudioVersion = 17.3.32929.385
MinimumVisualStudioVersion = 10.0.40219.1
Project("{FAE04EC0-301F-11D3-BF4B-00C04F79EFBC}") = "UnitTest", "UnitTest\UnitTest.csproj", "{2F91697A-103C-439B-8FF2-12E30DAA989A}"
EndProject
Project("{FAE04EC0-301F-11D3-BF4B-00C04F79EFBC}") = "UnitTestingCode", "UnitTestingCode\UnitTestingCode.csproj", "{FF080BB9-973E-4542-83DB-D8C3B50A15D7}"
EndProject
Global
	GlobalSection(SolutionConfigurationPlatforms) = preSolution
		Debug|Any CPU = Debug|Any CPU
		Release|Any CPU = Release|Any CPU
	EndGlobalSection
	GlobalSection(ProjectConfigurationPlatforms) = postSolution
		{2F91697A-103C-439B-8FF2-12E30DAA989A}.Debug|Any CPU.ActiveCfg = Debug|Any CPU
		{2F91697A-103C-439B-8FF2-12E30DAA989A}.Debug|Any CPU.Build.0 = Debug|Any CPU
		{2F91697A-103C-439B-8FF2-12E30DAA989A}.Release|Any CPU.ActiveCfg = Release|Any CPU
		{2F91697A-103C-439B-8FF2-12E30DAA989A}.Release|Any CPU.Build.0 = Release|Any CPU
		{FF080BB9-973E-4542-83DB-D8C3B50A15D7}.Debug|Any CPU.ActiveCfg = Debug|Any CPU
		{FF080BB9-973E-4542-83DB-D8C3B50A15D7}.Debug|Any CPU.Build.0 = Debug|Any CPU
		{FF080BB9-973E-4542-83DB-D8C3B50A15D7}.Release|Any CPU.ActiveCfg = Release|Any CPU
		{FF080BB9-973E-4542-83DB-D8C3B50A15D7}.Release|Any CPU.Build.0 = Release|Any CPU
	EndGlobalSection
	GlobalSection(SolutionProperties) = preSolution
		HideSolutionNode = FALSE
	EndGlobalSection
	GlobalSection(ExtensibilityGlobals) = postSolution
		SolutionGuid = {1A82BFF7-4022-49D4-958D-54B130B848BC}
	EndGlobalSection
EndGlobal
